
Microsoft Visual Studio Solution File, Format Version 12.00
# Visual Studio Version 17
VisualStudioVersion = 17.0.31903.59
MinimumVisualStudioVersion = 10.0.40219.1
Project("{FAE04EC0-301F-11D3-BF4B-00C04F79EFBC}") = "API", "API\API.csproj", "{7F76BCA8-FD07-4184-A93A-F2953D89AC7E}"
EndProject
Project("{FAE04EC0-301F-11D3-BF4B-00C04F79EFBC}") = "Application", "Application\Application.csproj", "{2D6F9815-22DD-443B-AFD5-E737D795F9EE}"
EndProject
Project("{FAE04EC0-301F-11D3-BF4B-00C04F79EFBC}") = "Domain", "Domain\Domain.csproj", "{6ADE57B1-F5DC-4B2F-8150-B010164EAAD0}"
EndProject
Project("{FAE04EC0-301F-11D3-BF4B-00C04F79EFBC}") = "Persistence", "Persistence\Persistence.csproj", "{18A9058A-9561-479E-882A-19FD23F4C34C}"
EndProject
Global
	GlobalSection(SolutionConfigurationPlatforms) = preSolution
		Debug|Any CPU = Debug|Any CPU
		Release|Any CPU = Release|Any CPU
	EndGlobalSection
	GlobalSection(SolutionProperties) = preSolution
		HideSolutionNode = FALSE
	EndGlobalSection
	GlobalSection(ProjectConfigurationPlatforms) = postSolution
		{7F76BCA8-FD07-4184-A93A-F2953D89AC7E}.Debug|Any CPU.ActiveCfg = Debug|Any CPU
		{7F76BCA8-FD07-4184-A93A-F2953D89AC7E}.Debug|Any CPU.Build.0 = Debug|Any CPU
		{7F76BCA8-FD07-4184-A93A-F2953D89AC7E}.Release|Any CPU.ActiveCfg = Release|Any CPU
		{7F76BCA8-FD07-4184-A93A-F2953D89AC7E}.Release|Any CPU.Build.0 = Release|Any CPU
		{2D6F9815-22DD-443B-AFD5-E737D795F9EE}.Debug|Any CPU.ActiveCfg = Debug|Any CPU
		{2D6F9815-22DD-443B-AFD5-E737D795F9EE}.Debug|Any CPU.Build.0 = Debug|Any CPU
		{2D6F9815-22DD-443B-AFD5-E737D795F9EE}.Release|Any CPU.ActiveCfg = Release|Any CPU
		{2D6F9815-22DD-443B-AFD5-E737D795F9EE}.Release|Any CPU.Build.0 = Release|Any CPU
		{6ADE57B1-F5DC-4B2F-8150-B010164EAAD0}.Debug|Any CPU.ActiveCfg = Debug|Any CPU
		{6ADE57B1-F5DC-4B2F-8150-B010164EAAD0}.Debug|Any CPU.Build.0 = Debug|Any CPU
		{6ADE57B1-F5DC-4B2F-8150-B010164EAAD0}.Release|Any CPU.ActiveCfg = Release|Any CPU
		{6ADE57B1-F5DC-4B2F-8150-B010164EAAD0}.Release|Any CPU.Build.0 = Release|Any CPU
		{18A9058A-9561-479E-882A-19FD23F4C34C}.Debug|Any CPU.ActiveCfg = Debug|Any CPU
		{18A9058A-9561-479E-882A-19FD23F4C34C}.Debug|Any CPU.Build.0 = Debug|Any CPU
		{18A9058A-9561-479E-882A-19FD23F4C34C}.Release|Any CPU.ActiveCfg = Release|Any CPU
		{18A9058A-9561-479E-882A-19FD23F4C34C}.Release|Any CPU.Build.0 = Release|Any CPU
	EndGlobalSection
EndGlobal
